
Microsoft Visual Studio Solution File, Format Version 12.00
# Visual Studio Version 17
VisualStudioVersion = 17.7.33711.374
MinimumVisualStudioVersion = 10.0.40219.1
Project("{2150E333-8FDC-42A3-9474-1A3956D46DE8}") = "scr", "scr", "{8E50A24E-432F-4129-AA24-BF672465E90C}"
EndProject
Project("{2150E333-8FDC-42A3-9474-1A3956D46DE8}") = "Services", "Services", "{D2FEF582-BF18-456D-B6C4-5C19F8293C15}"
EndProject
Project("{2150E333-8FDC-42A3-9474-1A3956D46DE8}") = "Ordering", "Ordering", "{4BC7ED5F-DD67-4E8F-8CD6-F83919847601}"
EndProject
Project("{FAE04EC0-301F-11D3-BF4B-00C04F79EFBC}") = "Ordering.Application", "scr\Ordering.Application\Ordering.Application.csproj", "{C3138C98-3050-4B07-AFA1-A6FD3A374C7C}"
EndProject
Project("{FAE04EC0-301F-11D3-BF4B-00C04F79EFBC}") = "Ordering.Domain", "scr\Ordering.Domain\Ordering.Domain.csproj", "{80F89722-CEA5-4542-BAB0-A188509D6C9C}"
EndProject
Project("{FAE04EC0-301F-11D3-BF4B-00C04F79EFBC}") = "Ordering.Infraestructure", "scr\Ordering.Infraestructure\Ordering.Infraestructure.csproj", "{A2D0B829-A8F5-4B2A-B470-7FF60EB10BCF}"
EndProject
Project("{FAE04EC0-301F-11D3-BF4B-00C04F79EFBC}") = "Ordering.API", "scr\Ordering.API\Ordering.API.csproj", "{4C2286AF-F6F8-4C54-AB20-220801DACAF9}"
EndProject
Project("{2150E333-8FDC-42A3-9474-1A3956D46DE8}") = "BuildingBlocks", "BuildingBlocks", "{D05E36B9-79B6-4D11-8F1E-A714D711CA01}"
EndProject
Project("{FAE04EC0-301F-11D3-BF4B-00C04F79EFBC}") = "EventBus.Message", "scr\BuildingBlocks\ClassLibrary1\EventBus.Message.csproj", "{99BFF124-F958-469F-A0C8-8F6FB5318691}"
EndProject
Project("{9A19103F-16F7-4668-BE54-9A1E7A4F7556}") = "OcelotApiGW", "scr\ApiGateways\OcelotApiGW\OcelotApiGW.csproj", "{B2D2A650-E58C-4A44-A6AC-9C98DBC256F6}"
EndProject
Project("{2150E333-8FDC-42A3-9474-1A3956D46DE8}") = "ApiGateways", "ApiGateways", "{C4B6E36F-B4E4-44D4-81D2-E551AA56AFDE}"
EndProject
Project("{2150E333-8FDC-42A3-9474-1A3956D46DE8}") = "Tests", "Tests", "{BEA7CD60-A8DA-4380-96B8-C09E920C0985}"
EndProject
Project("{FAE04EC0-301F-11D3-BF4B-00C04F79EFBC}") = "Order.API.Test", "Order.API.Test\Order.API.Test.csproj", "{CC8EA45D-5D5E-45C1-B827-FB38EA2CC970}"
EndProject
Global
	GlobalSection(SolutionConfigurationPlatforms) = preSolution
		Debug|Any CPU = Debug|Any CPU
		Release|Any CPU = Release|Any CPU
	EndGlobalSection
	GlobalSection(ProjectConfigurationPlatforms) = postSolution
		{C3138C98-3050-4B07-AFA1-A6FD3A374C7C}.Debug|Any CPU.ActiveCfg = Debug|Any CPU
		{C3138C98-3050-4B07-AFA1-A6FD3A374C7C}.Debug|Any CPU.Build.0 = Debug|Any CPU
		{C3138C98-3050-4B07-AFA1-A6FD3A374C7C}.Release|Any CPU.ActiveCfg = Release|Any CPU
		{C3138C98-3050-4B07-AFA1-A6FD3A374C7C}.Release|Any CPU.Build.0 = Release|Any CPU
		{80F89722-CEA5-4542-BAB0-A188509D6C9C}.Debug|Any CPU.ActiveCfg = Debug|Any CPU
		{80F89722-CEA5-4542-BAB0-A188509D6C9C}.Debug|Any CPU.Build.0 = Debug|Any CPU
		{80F89722-CEA5-4542-BAB0-A188509D6C9C}.Release|Any CPU.ActiveCfg = Release|Any CPU
		{80F89722-CEA5-4542-BAB0-A188509D6C9C}.Release|Any CPU.Build.0 = Release|Any CPU
		{A2D0B829-A8F5-4B2A-B470-7FF60EB10BCF}.Debug|Any CPU.ActiveCfg = Debug|Any CPU
		{A2D0B829-A8F5-4B2A-B470-7FF60EB10BCF}.Debug|Any CPU.Build.0 = Debug|Any CPU
		{A2D0B829-A8F5-4B2A-B470-7FF60EB10BCF}.Release|Any CPU.ActiveCfg = Release|Any CPU
		{A2D0B829-A8F5-4B2A-B470-7FF60EB10BCF}.Release|Any CPU.Build.0 = Release|Any CPU
		{4C2286AF-F6F8-4C54-AB20-220801DACAF9}.Debug|Any CPU.ActiveCfg = Debug|Any CPU
		{4C2286AF-F6F8-4C54-AB20-220801DACAF9}.Debug|Any CPU.Build.0 = Debug|Any CPU
		{4C2286AF-F6F8-4C54-AB20-220801DACAF9}.Release|Any CPU.ActiveCfg = Release|Any CPU
		{4C2286AF-F6F8-4C54-AB20-220801DACAF9}.Release|Any CPU.Build.0 = Release|Any CPU
		{99BFF124-F958-469F-A0C8-8F6FB5318691}.Debug|Any CPU.ActiveCfg = Debug|Any CPU
		{99BFF124-F958-469F-A0C8-8F6FB5318691}.Debug|Any CPU.Build.0 = Debug|Any CPU
		{99BFF124-F958-469F-A0C8-8F6FB5318691}.Release|Any CPU.ActiveCfg = Release|Any CPU
		{99BFF124-F958-469F-A0C8-8F6FB5318691}.Release|Any CPU.Build.0 = Release|Any CPU
		{B2D2A650-E58C-4A44-A6AC-9C98DBC256F6}.Debug|Any CPU.ActiveCfg = Debug|Any CPU
		{B2D2A650-E58C-4A44-A6AC-9C98DBC256F6}.Debug|Any CPU.Build.0 = Debug|Any CPU
		{B2D2A650-E58C-4A44-A6AC-9C98DBC256F6}.Release|Any CPU.ActiveCfg = Release|Any CPU
		{B2D2A650-E58C-4A44-A6AC-9C98DBC256F6}.Release|Any CPU.Build.0 = Release|Any CPU
		{CC8EA45D-5D5E-45C1-B827-FB38EA2CC970}.Debug|Any CPU.ActiveCfg = Debug|Any CPU
		{CC8EA45D-5D5E-45C1-B827-FB38EA2CC970}.Debug|Any CPU.Build.0 = Debug|Any CPU
		{CC8EA45D-5D5E-45C1-B827-FB38EA2CC970}.Release|Any CPU.ActiveCfg = Release|Any CPU
		{CC8EA45D-5D5E-45C1-B827-FB38EA2CC970}.Release|Any CPU.Build.0 = Release|Any CPU
	EndGlobalSection
	GlobalSection(SolutionProperties) = preSolution
		HideSolutionNode = FALSE
	EndGlobalSection
	GlobalSection(NestedProjects) = preSolution
		{D2FEF582-BF18-456D-B6C4-5C19F8293C15} = {8E50A24E-432F-4129-AA24-BF672465E90C}
		{4BC7ED5F-DD67-4E8F-8CD6-F83919847601} = {D2FEF582-BF18-456D-B6C4-5C19F8293C15}
		{C3138C98-3050-4B07-AFA1-A6FD3A374C7C} = {4BC7ED5F-DD67-4E8F-8CD6-F83919847601}
		{80F89722-CEA5-4542-BAB0-A188509D6C9C} = {4BC7ED5F-DD67-4E8F-8CD6-F83919847601}
		{A2D0B829-A8F5-4B2A-B470-7FF60EB10BCF} = {4BC7ED5F-DD67-4E8F-8CD6-F83919847601}
		{4C2286AF-F6F8-4C54-AB20-220801DACAF9} = {4BC7ED5F-DD67-4E8F-8CD6-F83919847601}
		{D05E36B9-79B6-4D11-8F1E-A714D711CA01} = {8E50A24E-432F-4129-AA24-BF672465E90C}
		{99BFF124-F958-469F-A0C8-8F6FB5318691} = {D05E36B9-79B6-4D11-8F1E-A714D711CA01}
		{B2D2A650-E58C-4A44-A6AC-9C98DBC256F6} = {C4B6E36F-B4E4-44D4-81D2-E551AA56AFDE}
		{C4B6E36F-B4E4-44D4-81D2-E551AA56AFDE} = {8E50A24E-432F-4129-AA24-BF672465E90C}
		{CC8EA45D-5D5E-45C1-B827-FB38EA2CC970} = {BEA7CD60-A8DA-4380-96B8-C09E920C0985}
	EndGlobalSection
	GlobalSection(ExtensibilityGlobals) = postSolution
		SolutionGuid = {0F696FBF-B50E-48E7-9249-D55D7235A318}
	EndGlobalSection
EndGlobal
